
Microsoft Visual Studio Solution File, Format Version 12.00
# Visual Studio 15
VisualStudioVersion = 15.0.28307.645
MinimumVisualStudioVersion = 10.0.40219.1
Project("{FAE04EC0-301F-11D3-BF4B-00C04F79EFBC}") = "defLog", "defLog.csproj", "{97250DC6-8A0F-483E-B295-608E4DFC7197}"
EndProject
Global
	GlobalSection(SolutionConfigurationPlatforms) = preSolution
		Debug|Any CPU = Debug|Any CPU
		Release|Any CPU = Release|Any CPU
	EndGlobalSection
	GlobalSection(ProjectConfigurationPlatforms) = postSolution
		{97250DC6-8A0F-483E-B295-608E4DFC7197}.Debug|Any CPU.ActiveCfg = Debug|Any CPU
		{97250DC6-8A0F-483E-B295-608E4DFC7197}.Debug|Any CPU.Build.0 = Debug|Any CPU
		{97250DC6-8A0F-483E-B295-608E4DFC7197}.Release|Any CPU.ActiveCfg = Release|Any CPU
		{97250DC6-8A0F-483E-B295-608E4DFC7197}.Release|Any CPU.Build.0 = Release|Any CPU
	EndGlobalSection
	GlobalSection(SolutionProperties) = preSolution
		HideSolutionNode = FALSE
	EndGlobalSection
	GlobalSection(ExtensibilityGlobals) = postSolution
		SolutionGuid = {C2785EAF-B56A-403A-BE65-EF4B2DC0716A}
	EndGlobalSection
EndGlobal
